
Microsoft Visual Studio Solution File, Format Version 12.00
# Visual Studio Version 16
VisualStudioVersion = 16.0.31515.178
MinimumVisualStudioVersion = 10.0.40219.1
Project("{FAE04EC0-301F-11D3-BF4B-00C04F79EFBC}") = "VentaDeMotos", "VentaDeMotos\VentaDeMotos.csproj", "{2505B830-C54C-4E6D-A970-8B206C629A62}"
EndProject
Global
	GlobalSection(SolutionConfigurationPlatforms) = preSolution
		Debug|Any CPU = Debug|Any CPU
		Release|Any CPU = Release|Any CPU
	EndGlobalSection
	GlobalSection(ProjectConfigurationPlatforms) = postSolution
		{2505B830-C54C-4E6D-A970-8B206C629A62}.Debug|Any CPU.ActiveCfg = Debug|Any CPU
		{2505B830-C54C-4E6D-A970-8B206C629A62}.Debug|Any CPU.Build.0 = Debug|Any CPU
		{2505B830-C54C-4E6D-A970-8B206C629A62}.Release|Any CPU.ActiveCfg = Release|Any CPU
		{2505B830-C54C-4E6D-A970-8B206C629A62}.Release|Any CPU.Build.0 = Release|Any CPU
	EndGlobalSection
	GlobalSection(SolutionProperties) = preSolution
		HideSolutionNode = FALSE
	EndGlobalSection
	GlobalSection(ExtensibilityGlobals) = postSolution
		SolutionGuid = {C5E897CD-093E-491D-976B-2846B1037CA7}
	EndGlobalSection
EndGlobal
