
Microsoft Visual Studio Solution File, Format Version 12.00
# Visual Studio Version 16
VisualStudioVersion = 16.0.31515.178
MinimumVisualStudioVersion = 10.0.40219.1
Project("{FAE04EC0-301F-11D3-BF4B-00C04F79EFBC}") = "PROYECTOF", "PROYECTOF\PROYECTOF.csproj", "{3643EA99-C8B9-4FD8-AE6A-50E2427C57DC}"
EndProject
Global
	GlobalSection(SolutionConfigurationPlatforms) = preSolution
		Debug|Any CPU = Debug|Any CPU
		Release|Any CPU = Release|Any CPU
	EndGlobalSection
	GlobalSection(ProjectConfigurationPlatforms) = postSolution
		{3643EA99-C8B9-4FD8-AE6A-50E2427C57DC}.Debug|Any CPU.ActiveCfg = Debug|Any CPU
		{3643EA99-C8B9-4FD8-AE6A-50E2427C57DC}.Debug|Any CPU.Build.0 = Debug|Any CPU
		{3643EA99-C8B9-4FD8-AE6A-50E2427C57DC}.Release|Any CPU.ActiveCfg = Release|Any CPU
		{3643EA99-C8B9-4FD8-AE6A-50E2427C57DC}.Release|Any CPU.Build.0 = Release|Any CPU
	EndGlobalSection
	GlobalSection(SolutionProperties) = preSolution
		HideSolutionNode = FALSE
	EndGlobalSection
	GlobalSection(ExtensibilityGlobals) = postSolution
		SolutionGuid = {82E61DC8-D125-4BC9-926F-AC0D5214C889}
	EndGlobalSection
EndGlobal
